// !$*UTF8*$!
{
	archiveVersion = 1;
	classes = {
	};
	objectVersion = 46;
	objects = {

/* Begin PBXBuildFile section */
		3F970C4F1E357B50001B077F /* AppDelegate.swift in Sources */ = {isa = PBXBuildFile; fileRef = 3F970C4E1E357B50001B077F /* AppDelegate.swift */; };
		3F970C511E357B50001B077F /* ViewController.swift in Sources */ = {isa = PBXBuildFile; fileRef = 3F970C501E357B50001B077F /* ViewController.swift */; };
		3F970C541E357B50001B077F /* Main.storyboard in Resources */ = {isa = PBXBuildFile; fileRef = 3F970C521E357B50001B077F /* Main.storyboard */; };
		3F970C561E357B50001B077F /* Assets.xcassets in Resources */ = {isa = PBXBuildFile; fileRef = 3F970C551E357B50001B077F /* Assets.xcassets */; };
		3F970C591E357B50001B077F /* LaunchScreen.storyboard in Resources */ = {isa = PBXBuildFile; fileRef = 3F970C571E357B50001B077F /* LaunchScreen.storyboard */; };
		3F970C691E357E4F001B077F /* SMTextView.swift in Sources */ = {isa = PBXBuildFile; fileRef = 3F970C681E357E4F001B077F /* SMTextView.swift */; };
		3F970C6B1E357E6F001B077F /* SMTextView.xib in Resources */ = {isa = PBXBuildFile; fileRef = 3F970C6A1E357E6F001B077F /* SMTextView.xib */; };
/* End PBXBuildFile section */

/* Begin PBXFileReference section */
		3F970C4B1E357B50001B077F /* SMTextView.app */ = {isa = PBXFileReference; explicitFileType = wrapper.application; includeInIndex = 0; path = SMTextView.app; sourceTree = BUILT_PRODUCTS_DIR; };
		3F970C4E1E357B50001B077F /* AppDelegate.swift */ = {isa = PBXFileReference; lastKnownFileType = sourcecode.swift; path = AppDelegate.swift; sourceTree = "<group>"; };
		3F970C501E357B50001B077F /* ViewController.swift */ = {isa = PBXFileReference; lastKnownFileType = sourcecode.swift; path = ViewController.swift; sourceTree = "<group>"; };
		3F970C531E357B50001B077F /* Base */ = {isa = PBXFileReference; lastKnownFileType = file.storyboard; name = Base; path = Base.lproj/Main.storyboard; sourceTree = "<group>"; };
		3F970C551E357B50001B077F /* Assets.xcassets */ = {isa = PBXFileReference; lastKnownFileType = folder.assetcatalog; path = Assets.xcassets; sourceTree = "<group>"; };
		3F970C581E357B50001B077F /* Base */ = {isa = PBXFileReference; lastKnownFileType = file.storyboard; name = Base; path = Base.lproj/LaunchScreen.storyboard; sourceTree = "<group>"; };
		3F970C5A1E357B50001B077F /* Info.plist */ = {isa = PBXFileReference; lastKnownFileType = text.plist.xml; path = Info.plist; sourceTree = "<group>"; };
		3F970C681E357E4F001B077F /* SMTextView.swift */ = {isa = PBXFileReference; fileEncoding = 4; lastKnownFileType = sourcecode.swift; path = SMTextView.swift; sourceTree = "<group>"; };
		3F970C6A1E357E6F001B077F /* SMTextView.xib */ = {isa = PBXFileReference; fileEncoding = 4; lastKnownFileType = file.xib; path = SMTextView.xib; sourceTree = "<group>"; };
/* End PBXFileReference section */

/* Begin PBXFrameworksBuildPhase section */
		3F970C481E357B50001B077F /* Frameworks */ = {
			isa = PBXFrameworksBuildPhase;
			buildActionMask = 2147483647;
			files = (
			);
			runOnlyForDeploymentPostprocessing = 0;
		};
/* End PBXFrameworksBuildPhase section */

/* Begin PBXGroup section */
		3F970C421E357B50001B077F = {
			isa = PBXGroup;
			children = (
				3F970C4D1E357B50001B077F /* SMTextView */,
				3F970C4C1E357B50001B077F /* Products */,
			);
			sourceTree = "<group>";
		};
		3F970C4C1E357B50001B077F /* Products */ = {
			isa = PBXGroup;
			children = (
				3F970C4B1E357B50001B077F /* SMTextView.app */,
			);
			name = Products;
			sourceTree = "<group>";
		};
		3F970C4D1E357B50001B077F /* SMTextView */ = {
			isa = PBXGroup;
			children = (
				3F970C4E1E357B50001B077F /* AppDelegate.swift */,
				3F970C501E357B50001B077F /* ViewController.swift */,
				3F970C521E357B50001B077F /* Main.storyboard */,
				3F970C551E357B50001B077F /* Assets.xcassets */,
				3F970C571E357B50001B077F /* LaunchScreen.storyboard */,
				3F970C5A1E357B50001B077F /* Info.plist */,
				3F970C671E357C2F001B077F /* SMTextView */,
			);
			path = SMTextView;
			sourceTree = "<group>";
		};
		3F970C671E357C2F001B077F /* SMTextView */ = {
			isa = PBXGroup;
			children = (
				3F970C681E357E4F001B077F /* SMTextView.swift */,
				3F970C6A1E357E6F001B077F /* SMTextView.xib */,
			);
			name = SMTextView;
			sourceTree = "<group>";
		};
/* End PBXGroup section */

/* Begin PBXNativeTarget section */
		3F970C4A1E357B50001B077F /* SMTextView */ = {
			isa = PBXNativeTarget;
			buildConfigurationList = 3F970C5D1E357B50001B077F /* Build configuration list for PBXNativeTarget "SMTextView" */;
			buildPhases = (
				3F970C471E357B50001B077F /* Sources */,
				3F970C481E357B50001B077F /* Frameworks */,
				3F970C491E357B50001B077F /* Resources */,
			);
			buildRules = (
			);
			dependencies = (
			);
			name = SMTextView;
			productName = SMTextView;
			productReference = 3F970C4B1E357B50001B077F /* SMTextView.app */;
			productType = "com.apple.product-type.application";
		};
/* End PBXNativeTarget section */

/* Begin PBXProject section */
		3F970C431E357B50001B077F /* Project object */ = {
			isa = PBXProject;
			attributes = {
				LastSwiftUpdateCheck = 0820;
				LastUpgradeCheck = 0820;
				ORGANIZATIONNAME = "Spencer Mandrusiak";
				TargetAttributes = {
					3F970C4A1E357B50001B077F = {
						CreatedOnToolsVersion = 8.2;
						DevelopmentTeam = FJ9965JL6C;
						ProvisioningStyle = Automatic;
					};
				};
			};
			buildConfigurationList = 3F970C461E357B50001B077F /* Build configuration list for PBXProject "SMTextView" */;
			compatibilityVersion = "Xcode 3.2";
			developmentRegion = English;
			hasScannedForEncodings = 0;
			knownRegions = (
				en,
				Base,
			);
			mainGroup = 3F970C421E357B50001B077F;
			productRefGroup = 3F970C4C1E357B50001B077F /* Products */;
			projectDirPath = "";
			projectRoot = "";
			targets = (
				3F970C4A1E357B50001B077F /* SMTextView */,
			);
		};
/* End PBXProject section */

/* Begin PBXResourcesBuildPhase section */
		3F970C491E357B50001B077F /* Resources */ = {
			isa = PBXResourcesBuildPhase;
			buildActionMask = 2147483647;
			files = (
				3F970C591E357B50001B077F /* LaunchScreen.storyboard in Resources */,
				3F970C561E357B50001B077F /* Assets.xcassets in Resources */,
				3F970C541E357B50001B077F /* Main.storyboard in Resources */,
				3F970C6B1E357E6F001B077F /* SMTextView.xib in Resources */,
			);
			runOnlyForDeploymentPostprocessing = 0;
		};
/* End PBXResourcesBuildPhase section */

/* Begin PBXSourcesBuildPhase section */
		3F970C471E357B50001B077F /* Sources */ = {
			isa = PBXSourcesBuildPhase;
			buildActionMask = 2147483647;
			files = (
				3F970C511E357B50001B077F /* ViewController.swift in Sources */,
				3F970C4F1E357B50001B077F /* AppDelegate.swift in Sources */,
				3F970C691E357E4F001B077F /* SMTextView.swift in Sources */,
			);
			runOnlyForDeploymentPostprocessing = 0;
		};
/* End PBXSourcesBuildPhase section */

/* Begin PBXVariantGroup section */
		3F970C521E357B50001B077F /* Main.storyboard */ = {
			isa = PBXVariantGroup;
			children = (
				3F970C531E357B50001B077F /* Base */,
			);
			name = Main.storyboard;
			sourceTree = "<group>";
		};
		3F970C571E357B50001B077F /* LaunchScreen.storyboard */ = {
			isa = PBXVariantGroup;
			children = (
				3F970C581E357B50001B077F /* Base */,
			);
			name = LaunchScreen.storyboard;
			sourceTree = "<group>";
		};
/* End PBXVariantGroup section */

/* Begin XCBuildConfiguration section */
		3F970C5B1E357B50001B077F /* Debug */ = {
			isa = XCBuildConfiguration;
			buildSettings = {
				ALWAYS_SEARCH_USER_PATHS = NO;
				CLANG_ANALYZER_NONNULL = YES;
				CLANG_CXX_LANGUAGE_STANDARD = "gnu++0x";
				CLANG_CXX_LIBRARY = "libc++";
				CLANG_ENABLE_MODULES = YES;
				CLANG_ENABLE_OBJC_ARC = YES;
				CLANG_WARN_BOOL_CONVERSION = YES;
				CLANG_WARN_CONSTANT_CONVERSION = YES;
				CLANG_WARN_DIRECT_OBJC_ISA_USAGE = YES_ERROR;
				CLANG_WARN_DOCUMENTATION_COMMENTS = YES;
				CLANG_WARN_EMPTY_BODY = YES;
				CLANG_WARN_ENUM_CONVERSION = YES;
				CLANG_WARN_INFINITE_RECURSION = YES;
				CLANG_WARN_INT_CONVERSION = YES;
				CLANG_WARN_OBJC_ROOT_CLASS = YES_ERROR;
				CLANG_WARN_SUSPICIOUS_MOVE = YES;
				CLANG_WARN_UNREACHABLE_CODE = YES;
				CLANG_WARN__DUPLICATE_METHOD_MATCH = YES;
				"CODE_SIGN_IDENTITY[sdk=iphoneos*]" = "iPhone Developer";
				COPY_PHASE_STRIP = NO;
				DEBUG_INFORMATION_FORMAT = dwarf;
				ENABLE_STRICT_OBJC_MSGSEND = YES;
				ENABLE_TESTABILITY = YES;
				GCC_C_LANGUAGE_STANDARD = gnu99;
				GCC_DYNAMIC_NO_PIC = NO;
				GCC_NO_COMMON_BLOCKS = YES;
				GCC_OPTIMIZATION_LEVEL = 0;
				GCC_PREPROCESSOR_DEFINITIONS = (
					"DEBUG=1",
					"$(inherited)",
				);
				GCC_WARN_64_TO_32_BIT_CONVERSION = YES;
				GCC_WARN_ABOUT_RETURN_TYPE = YES_ERROR;
				GCC_WARN_UNDECLARED_SELECTOR = YES;
				GCC_WARN_UNINITIALIZED_AUTOS = YES_AGGRESSIVE;
				GCC_WARN_UNUSED_FUNCTION = YES;
				GCC_WARN_UNUSED_VARIABLE = YES;
				IPHONEOS_DEPLOYMENT_TARGET = 10.2;
				MTL_ENABLE_DEBUG_INFO = YES;
				ONLY_ACTIVE_ARCH = YES;
				SDKROOT = iphoneos;
				SWIFT_ACTIVE_COMPILATION_CONDITIONS = DEBUG;
				SWIFT_OPTIMIZATION_LEVEL = "-Onone";
				TARGETED_DEVICE_FAMILY = "1,2";
			};
			name = Debug;
		};
		3F970C5C1E357B50001B077F /* Release */ = {
			isa = XCBuildConfiguration;
			buildSettings = {
				ALWAYS_SEARCH_USER_PATHS = NO;
				CLANG_ANALYZER_NONNULL = YES;
				CLANG_CXX_LANGUAGE_STANDARD = "gnu++0x";
				CLANG_CXX_LIBRARY = "libc++";
				CLANG_ENABLE_MODULES = YES;
				CLANG_ENABLE_OBJC_ARC = YES;
				CLANG_WARN_BOOL_CONVERSION = YES;
				CLANG_WARN_CONSTANT_CONVERSION = YES;
				CLANG_WARN_DIRECT_OBJC_ISA_USAGE = YES_ERROR;
				CLANG_WARN_DOCUMENTATION_COMMENTS = YES;
				CLANG_WARN_EMPTY_BODY = YES;
				CLANG_WARN_ENUM_CONVERSION = YES;
				CLANG_WARN_INFINITE_RECURSION = YES;
				CLANG_WARN_INT_CONVERSION = YES;
				CLANG_WARN_OBJC_ROOT_CLASS = YES_ERROR;
				CLANG_WARN_SUSPICIOUS_MOVE = YES;
				CLANG_WARN_UNREACHABLE_CODE = YES;
				CLANG_WARN__DUPLICATE_METHOD_MATCH = YES;
				"CODE_SIGN_IDENTITY[sdk=iphoneos*]" = "iPhone Developer";
				COPY_PHASE_STRIP = NO;
				DEBUG_INFORMATION_FORMAT = "dwarf-with-dsym";
				ENABLE_NS_ASSERTIONS = NO;
				ENABLE_STRICT_OBJC_MSGSEND = YES;
				GCC_C_LANGUAGE_STANDARD = gnu99;
				GCC_NO_COMMON_BLOCKS = YES;
				GCC_WARN_64_TO_32_BIT_CONVERSION = YES;
				GCC_WARN_ABOUT_RETURN_TYPE = YES_ERROR;
				GCC_WARN_UNDECLARED_SELECTOR = YES;
				GCC_WARN_UNINITIALIZED_AUTOS = YES_AGGRESSIVE;
				GCC_WARN_UNUSED_FUNCTION = YES;
				GCC_WARN_UNUSED_VARIABLE = YES;
				IPHONEOS_DEPLOYMENT_TARGET = 10.2;
				MTL_ENABLE_DEBUG_INFO = NO;
				SDKROOT = iphoneos;
				SWIFT_OPTIMIZATION_LEVEL = "-Owholemodule";
				TARGETED_DEVICE_FAMILY = "1,2";
				VALIDATE_PRODUCT = YES;
			};
			name = Release;
		};
		3F970C5E1E357B50001B077F /* Debug */ = {
			isa = XCBuildConfiguration;
			buildSettings = {
				ASSETCATALOG_COMPILER_APPICON_NAME = AppIcon;
				DEVELOPMENT_TEAM = FJ9965JL6C;
				INFOPLIST_FILE = SMTextView/Info.plist;
				LD_RUNPATH_SEARCH_PATHS = "$(inherited) @executable_path/Frameworks";
				PRODUCT_BUNDLE_IDENTIFIER = self.edu.SMTextView;
				PRODUCT_NAME = "$(TARGET_NAME)";
				SWIFT_VERSION = 3.0;
			};
			name = Debug;
		};
		3F970C5F1E357B50001B077F /* Release */ = {
			isa = XCBuildConfiguration;
			buildSettings = {
				ASSETCATALOG_COMPILER_APPICON_NAME = AppIcon;
				DEVELOPMENT_TEAM = FJ9965JL6C;
				INFOPLIST_FILE = SMTextView/Info.plist;
				LD_RUNPATH_SEARCH_PATHS = "$(inherited) @executable_path/Frameworks";
				PRODUCT_BUNDLE_IDENTIFIER = self.edu.SMTextView;
				PRODUCT_NAME = "$(TARGET_NAME)";
				SWIFT_VERSION = 3.0;
			};
			name = Release;
		};
/* End XCBuildConfiguration section */

/* Begin XCConfigurationList section */
		3F970C461E357B50001B077F /* Build configuration list for PBXProject "SMTextView" */ = {
			isa = XCConfigurationList;
			buildConfigurations = (
				3F970C5B1E357B50001B077F /* Debug */,
				3F970C5C1E357B50001B077F /* Release */,
			);
			defaultConfigurationIsVisible = 0;
			defaultConfigurationName = Release;
		};
		3F970C5D1E357B50001B077F /* Build configuration list for PBXNativeTarget "SMTextView" */ = {
			isa = XCConfigurationList;
			buildConfigurations = (
				3F970C5E1E357B50001B077F /* Debug */,
				3F970C5F1E357B50001B077F /* Release */,
			);
			defaultConfigurationIsVisible = 0;
			defaultConfigurationName = Release;
		};
/* End XCConfigurationList section */
	};
	rootObject = 3F970C431E357B50001B077F /* Project object */;
}
